// !$*UTF8*$!
{
	archiveVersion = 1;
	classes = {
	};
	objectVersion = 46;
	objects = {

/* Begin PBXAggregateTarget section */
		92E9B7E71F06304900D74B7E /* test */ = {
			isa = PBXAggregateTarget;
			buildConfigurationList = 92E9B7E81F06304900D74B7E /* Build configuration list for PBXAggregateTarget "test" */;
			buildPhases = (
				92E9B7EB1F06305900D74B7E /* ShellScript */,
			);
			dependencies = (
			);
			name = test;
			productName = test;
		};
/* End PBXAggregateTarget section */

/* Begin PBXBuildFile section */
		92E9B7DD1F062E4400D74B7E /* testSDK.h in Headers */ = {isa = PBXBuildFile; fileRef = 92E9B7DB1F062E4400D74B7E /* testSDK.h */; settings = {ATTRIBUTES = (Public, ); }; };
		92E9B7E51F062E8A00D74B7E /* BDMethod.h in Headers */ = {isa = PBXBuildFile; fileRef = 92E9B7E31F062E8A00D74B7E /* BDMethod.h */; settings = {ATTRIBUTES = (Public, ); }; };
		92E9B7E61F062E8A00D74B7E /* BDMethod.m in Sources */ = {isa = PBXBuildFile; fileRef = 92E9B7E41F062E8A00D74B7E /* BDMethod.m */; };
/* End PBXBuildFile section */

/* Begin PBXFileReference section */
		92E9B7D81F062E4400D74B7E /* testSDK.framework */ = {isa = PBXFileReference; explicitFileType = wrapper.framework; includeInIndex = 0; path = testSDK.framework; sourceTree = BUILT_PRODUCTS_DIR; };
		92E9B7DB1F062E4400D74B7E /* testSDK.h */ = {isa = PBXFileReference; lastKnownFileType = sourcecode.c.h; path = testSDK.h; sourceTree = "<group>"; };
		92E9B7DC1F062E4400D74B7E /* Info.plist */ = {isa = PBXFileReference; lastKnownFileType = text.plist.xml; path = Info.plist; sourceTree = "<group>"; };
		92E9B7E31F062E8A00D74B7E /* BDMethod.h */ = {isa = PBXFileReference; fileEncoding = 4; lastKnownFileType = sourcecode.c.h; path = BDMethod.h; sourceTree = "<group>"; };
		92E9B7E41F062E8A00D74B7E /* BDMethod.m */ = {isa = PBXFileReference; fileEncoding = 4; lastKnownFileType = sourcecode.c.objc; path = BDMethod.m; sourceTree = "<group>"; };
/* End PBXFileReference section */

/* Begin PBXFrameworksBuildPhase section */
		92E9B7D41F062E4400D74B7E /* Frameworks */ = {
			isa = PBXFrameworksBuildPhase;
			buildActionMask = 2147483647;
			files = (
			);
			runOnlyForDeploymentPostprocessing = 0;
		};
/* End PBXFrameworksBuildPhase section */

/* Begin PBXGroup section */
		92E9B7CE1F062E4400D74B7E = {
			isa = PBXGroup;
			children = (
				92E9B7DA1F062E4400D74B7E /* testSDK */,
				92E9B7D91F062E4400D74B7E /* Products */,
			);
			sourceTree = "<group>";
		};
		92E9B7D91F062E4400D74B7E /* Products */ = {
			isa = PBXGroup;
			children = (
				92E9B7D81F062E4400D74B7E /* testSDK.framework */,
			);
			name = Products;
			sourceTree = "<group>";
		};
		92E9B7DA1F062E4400D74B7E /* testSDK */ = {
			isa = PBXGroup;
			children = (
				92E9B7DB1F062E4400D74B7E /* testSDK.h */,
				92E9B7DC1F062E4400D74B7E /* Info.plist */,
				92E9B7E31F062E8A00D74B7E /* BDMethod.h */,
				92E9B7E41F062E8A00D74B7E /* BDMethod.m */,
			);
			path = testSDK;
			sourceTree = "<group>";
		};
/* End PBXGroup section */

/* Begin PBXHeadersBuildPhase section */
		92E9B7D51F062E4400D74B7E /* Headers */ = {
			isa = PBXHeadersBuildPhase;
			buildActionMask = 2147483647;
			files = (
				92E9B7DD1F062E4400D74B7E /* testSDK.h in Headers */,
				92E9B7E51F062E8A00D74B7E /* BDMethod.h in Headers */,
			);
			runOnlyForDeploymentPostprocessing = 0;
		};
/* End PBXHeadersBuildPhase section */

/* Begin PBXNativeTarget section */
		92E9B7D71F062E4400D74B7E /* testSDK */ = {
			isa = PBXNativeTarget;
			buildConfigurationList = 92E9B7E01F062E4400D74B7E /* Build configuration list for PBXNativeTarget "testSDK" */;
			buildPhases = (
				92E9B7D31F062E4400D74B7E /* Sources */,
				92E9B7D41F062E4400D74B7E /* Frameworks */,
				92E9B7D51F062E4400D74B7E /* Headers */,
				92E9B7D61F062E4400D74B7E /* Resources */,
			);
			buildRules = (
			);
			dependencies = (
			);
			name = testSDK;
			productName = testSDK;
			productReference = 92E9B7D81F062E4400D74B7E /* testSDK.framework */;
			productType = "com.apple.product-type.framework";
		};
/* End PBXNativeTarget section */

/* Begin PBXProject section */
		92E9B7CF1F062E4400D74B7E /* Project object */ = {
			isa = PBXProject;
			attributes = {
				LastUpgradeCheck = 0820;
				ORGANIZATIONNAME = com.bandou.app;
				TargetAttributes = {
					92E9B7D71F062E4400D74B7E = {
						CreatedOnToolsVersion = 8.2.1;
						DevelopmentTeam = DBCVSAMFYG;
						ProvisioningStyle = Automatic;
					};
					92E9B7E71F06304900D74B7E = {
						CreatedOnToolsVersion = 8.2.1;
						DevelopmentTeam = DBCVSAMFYG;
						ProvisioningStyle = Automatic;
					};
				};
			};
			buildConfigurationList = 92E9B7D21F062E4400D74B7E /* Build configuration list for PBXProject "testSDK" */;
			compatibilityVersion = "Xcode 3.2";
			developmentRegion = English;
			hasScannedForEncodings = 0;
			knownRegions = (
				en,
			);
			mainGroup = 92E9B7CE1F062E4400D74B7E;
			productRefGroup = 92E9B7D91F062E4400D74B7E /* Products */;
			projectDirPath = "";
			projectRoot = "";
			targets = (
				92E9B7D71F062E4400D74B7E /* testSDK */,
				92E9B7E71F06304900D74B7E /* test */,
			);
		};
/* End PBXProject section */

/* Begin PBXResourcesBuildPhase section */
		92E9B7D61F062E4400D74B7E /* Resources */ = {
			isa = PBXResourcesBuildPhase;
			buildActionMask = 2147483647;
			files = (
			);
			runOnlyForDeploymentPostprocessing = 0;
		};
/* End PBXResourcesBuildPhase section */

/* Begin PBXShellScriptBuildPhase section */
		92E9B7EB1F06305900D74B7E /* ShellScript */ = {
			isa = PBXShellScriptBuildPhase;
			buildActionMask = 2147483647;
			files = (
			);
			inputPaths = (
			);
			outputPaths = (
			);
			runOnlyForDeploymentPostprocessing = 0;
			shellPath = /bin/sh;
			shellScript = "# Sets the target folders and the final framework product.\n# 如果工程名称和Framework的Target名称不一样的话，要自定义FMKNAME\n# 例如: FMK_NAME = \"MyFramework\"\nFMK_NAME=${PROJECT_NAME}\n# Install dir will be the final output to the framework.\n# The following line create it in the root folder of the current project.\nINSTALL_DIR=${SRCROOT}/Products/${FMK_NAME}.framework\n# Working dir will be deleted after the framework creation.\nWRK_DIR=build\nDEVICE_DIR=${WRK_DIR}/Release-iphoneos/${FMK_NAME}.framework\nSIMULATOR_DIR=${WRK_DIR}/Release-iphonesimulator/${FMK_NAME}.framework\n# -configuration ${CONFIGURATION}\n# Clean and Building both architectures.\nxcodebuild -configuration \"Release\" -target \"${FMK_NAME}\" -sdk iphoneos clean build\nxcodebuild -configuration \"Release\" -target \"${FMK_NAME}\" -sdk iphonesimulator clean build\n# Cleaning the oldest.\nif [ -d \"${INSTALL_DIR}\" ]\nthen\nrm -rf \"${INSTALL_DIR}\"\nfi\nmkdir -p \"${INSTALL_DIR}\"\ncp -R \"${DEVICE_DIR}/\" \"${INSTALL_DIR}/\"\n# Uses the Lipo Tool to merge both binary files (i386 + armv6/armv7) into one Universal final product.\nlipo -create \"${DEVICE_DIR}/${FMK_NAME}\" \"${SIMULATOR_DIR}/${FMK_NAME}\" -output \"${INSTALL_DIR}/${FMK_NAME}\"\nrm -r \"${WRK_DIR}\"\nopen \"${INSTALL_DIR}\"";
		};
/* End PBXShellScriptBuildPhase section */

/* Begin PBXSourcesBuildPhase section */
		92E9B7D31F062E4400D74B7E /* Sources */ = {
			isa = PBXSourcesBuildPhase;
			buildActionMask = 2147483647;
			files = (
				92E9B7E61F062E8A00D74B7E /* BDMethod.m in Sources */,
			);
			runOnlyForDeploymentPostprocessing = 0;
		};
/* End PBXSourcesBuildPhase section */

/* Begin XCBuildConfiguration section */
		92E9B7DE1F062E4400D74B7E /* Debug */ = {
			isa = XCBuildConfiguration;
			buildSettings = {
				ALWAYS_SEARCH_USER_PATHS = NO;
				CLANG_ANALYZER_NONNULL = YES;
				CLANG_CXX_LANGUAGE_STANDARD = "gnu++0x";
				CLANG_CXX_LIBRARY = "libc++";
				CLANG_ENABLE_MODULES = YES;
				CLANG_ENABLE_OBJC_ARC = YES;
				CLANG_WARN_BOOL_CONVERSION = YES;
				CLANG_WARN_CONSTANT_CONVERSION = YES;
				CLANG_WARN_DIRECT_OBJC_ISA_USAGE = YES_ERROR;
				CLANG_WARN_DOCUMENTATION_COMMENTS = YES;
				CLANG_WARN_EMPTY_BODY = YES;
				CLANG_WARN_ENUM_CONVERSION = YES;
				CLANG_WARN_INFINITE_RECURSION = YES;
				CLANG_WARN_INT_CONVERSION = YES;
				CLANG_WARN_OBJC_ROOT_CLASS = YES_ERROR;
				CLANG_WARN_SUSPICIOUS_MOVE = YES;
				CLANG_WARN_UNREACHABLE_CODE = YES;
				CLANG_WARN__DUPLICATE_METHOD_MATCH = YES;
				"CODE_SIGN_IDENTITY[sdk=iphoneos*]" = "iPhone Developer";
				COPY_PHASE_STRIP = NO;
				CURRENT_PROJECT_VERSION = 1;
				DEBUG_INFORMATION_FORMAT = dwarf;
				ENABLE_STRICT_OBJC_MSGSEND = YES;
				ENABLE_TESTABILITY = YES;
				GCC_C_LANGUAGE_STANDARD = gnu99;
				GCC_DYNAMIC_NO_PIC = NO;
				GCC_NO_COMMON_BLOCKS = YES;
				GCC_OPTIMIZATION_LEVEL = 0;
				GCC_PREPROCESSOR_DEFINITIONS = (
					"DEBUG=1",
					"$(inherited)",
				);
				GCC_WARN_64_TO_32_BIT_CONVERSION = YES;
				GCC_WARN_ABOUT_RETURN_TYPE = YES_ERROR;
				GCC_WARN_UNDECLARED_SELECTOR = YES;
				GCC_WARN_UNINITIALIZED_AUTOS = YES_AGGRESSIVE;
				GCC_WARN_UNUSED_FUNCTION = YES;
				GCC_WARN_UNUSED_VARIABLE = YES;
				IPHONEOS_DEPLOYMENT_TARGET = 10.2;
				MTL_ENABLE_DEBUG_INFO = YES;
				ONLY_ACTIVE_ARCH = YES;
				SDKROOT = iphoneos;
				TARGETED_DEVICE_FAMILY = "1,2";
				VERSIONING_SYSTEM = "apple-generic";
				VERSION_INFO_PREFIX = "";
			};
			name = Debug;
		};
		92E9B7DF1F062E4400D74B7E /* Release */ = {
			isa = XCBuildConfiguration;
			buildSettings = {
				ALWAYS_SEARCH_USER_PATHS = NO;
				CLANG_ANALYZER_NONNULL = YES;
				CLANG_CXX_LANGUAGE_STANDARD = "gnu++0x";
				CLANG_CXX_LIBRARY = "libc++";
				CLANG_ENABLE_MODULES = YES;
				CLANG_ENABLE_OBJC_ARC = YES;
				CLANG_WARN_BOOL_CONVERSION = YES;
				CLANG_WARN_CONSTANT_CONVERSION = YES;
				CLANG_WARN_DIRECT_OBJC_ISA_USAGE = YES_ERROR;
				CLANG_WARN_DOCUMENTATION_COMMENTS = YES;
				CLANG_WARN_EMPTY_BODY = YES;
				CLANG_WARN_ENUM_CONVERSION = YES;
				CLANG_WARN_INFINITE_RECURSION = YES;
				CLANG_WARN_INT_CONVERSION = YES;
				CLANG_WARN_OBJC_ROOT_CLASS = YES_ERROR;
				CLANG_WARN_SUSPICIOUS_MOVE = YES;
				CLANG_WARN_UNREACHABLE_CODE = YES;
				CLANG_WARN__DUPLICATE_METHOD_MATCH = YES;
				"CODE_SIGN_IDENTITY[sdk=iphoneos*]" = "iPhone Developer";
				COPY_PHASE_STRIP = NO;
				CURRENT_PROJECT_VERSION = 1;
				DEBUG_INFORMATION_FORMAT = "dwarf-with-dsym";
				ENABLE_NS_ASSERTIONS = NO;
				ENABLE_STRICT_OBJC_MSGSEND = YES;
				GCC_C_LANGUAGE_STANDARD = gnu99;
				GCC_NO_COMMON_BLOCKS = YES;
				GCC_WARN_64_TO_32_BIT_CONVERSION = YES;
				GCC_WARN_ABOUT_RETURN_TYPE = YES_ERROR;
				GCC_WARN_UNDECLARED_SELECTOR = YES;
				GCC_WARN_UNINITIALIZED_AUTOS = YES_AGGRESSIVE;
				GCC_WARN_UNUSED_FUNCTION = YES;
				GCC_WARN_UNUSED_VARIABLE = YES;
				IPHONEOS_DEPLOYMENT_TARGET = 10.2;
				MTL_ENABLE_DEBUG_INFO = NO;
				SDKROOT = iphoneos;
				TARGETED_DEVICE_FAMILY = "1,2";
				VALIDATE_PRODUCT = YES;
				VERSIONING_SYSTEM = "apple-generic";
				VERSION_INFO_PREFIX = "";
			};
			name = Release;
		};
		92E9B7E11F062E4400D74B7E /* Debug */ = {
			isa = XCBuildConfiguration;
			buildSettings = {
				ARCHS = (
					armv7s,
					"$(ARCHS_STANDARD)",
				);
				CODE_SIGN_IDENTITY = "";
				DEFINES_MODULE = YES;
				DEVELOPMENT_TEAM = DBCVSAMFYG;
				DYLIB_COMPATIBILITY_VERSION = 1;
				DYLIB_CURRENT_VERSION = 1;
				DYLIB_INSTALL_NAME_BASE = "@rpath";
				INFOPLIST_FILE = testSDK/Info.plist;
				INSTALL_PATH = "$(LOCAL_LIBRARY_DIR)/Frameworks";
				LD_RUNPATH_SEARCH_PATHS = "$(inherited) @executable_path/Frameworks @loader_path/Frameworks";
				MACH_O_TYPE = staticlib;
				ONLY_ACTIVE_ARCH = NO;
				PRODUCT_BUNDLE_IDENTIFIER = com.bandou.appTestGit.testSDK;
				PRODUCT_NAME = "$(TARGET_NAME)";
				SKIP_INSTALL = YES;
			};
			name = Debug;
		};
		92E9B7E21F062E4400D74B7E /* Release */ = {
			isa = XCBuildConfiguration;
			buildSettings = {
				ARCHS = (
					armv7s,
					"$(ARCHS_STANDARD)",
				);
				CODE_SIGN_IDENTITY = "";
				DEFINES_MODULE = YES;
				DEVELOPMENT_TEAM = DBCVSAMFYG;
				DYLIB_COMPATIBILITY_VERSION = 1;
				DYLIB_CURRENT_VERSION = 1;
				DYLIB_INSTALL_NAME_BASE = "@rpath";
				INFOPLIST_FILE = testSDK/Info.plist;
				INSTALL_PATH = "$(LOCAL_LIBRARY_DIR)/Frameworks";
				LD_RUNPATH_SEARCH_PATHS = "$(inherited) @executable_path/Frameworks @loader_path/Frameworks";
				MACH_O_TYPE = staticlib;
				PRODUCT_BUNDLE_IDENTIFIER = com.bandou.appTestGit.testSDK;
				PRODUCT_NAME = "$(TARGET_NAME)";
				SKIP_INSTALL = YES;
			};
			name = Release;
		};
		92E9B7E91F06304900D74B7E /* Debug */ = {
			isa = XCBuildConfiguration;
			buildSettings = {
				DEVELOPMENT_TEAM = DBCVSAMFYG;
				PRODUCT_NAME = "$(TARGET_NAME)";
			};
			name = Debug;
		};
		92E9B7EA1F06304900D74B7E /* Release */ = {
			isa = XCBuildConfiguration;
			buildSettings = {
				DEVELOPMENT_TEAM = DBCVSAMFYG;
				PRODUCT_NAME = "$(TARGET_NAME)";
			};
			name = Release;
		};
/* End XCBuildConfiguration section */

/* Begin XCConfigurationList section */
		92E9B7D21F062E4400D74B7E /* Build configuration list for PBXProject "testSDK" */ = {
			isa = XCConfigurationList;
			buildConfigurations = (
				92E9B7DE1F062E4400D74B7E /* Debug */,
				92E9B7DF1F062E4400D74B7E /* Release */,
			);
			defaultConfigurationIsVisible = 0;
			defaultConfigurationName = Release;
		};
		92E9B7E01F062E4400D74B7E /* Build configuration list for PBXNativeTarget "testSDK" */ = {
			isa = XCConfigurationList;
			buildConfigurations = (
				92E9B7E11F062E4400D74B7E /* Debug */,
				92E9B7E21F062E4400D74B7E /* Release */,
			);
			defaultConfigurationIsVisible = 0;
		};
		92E9B7E81F06304900D74B7E /* Build configuration list for PBXAggregateTarget "test" */ = {
			isa = XCConfigurationList;
			buildConfigurations = (
				92E9B7E91F06304900D74B7E /* Debug */,
				92E9B7EA1F06304900D74B7E /* Release */,
			);
			defaultConfigurationIsVisible = 0;
		};
/* End XCConfigurationList section */
	};
	rootObject = 92E9B7CF1F062E4400D74B7E /* Project object */;
}
